
Microsoft Visual Studio Solution File, Format Version 12.00
# Visual Studio Express 2012 for Windows Desktop
Project("{FAE04EC0-301F-11D3-BF4B-00C04F79EFBC}") = "MH_Bugzilla_Project_Creator", "WindowsFormsApplication1\MH_Bugzilla_Project_Creator.csproj", "{69AEEDE5-4981-4B5A-8007-298A7545E180}"
EndProject
Global
	GlobalSection(SolutionConfigurationPlatforms) = preSolution
		Debug|Any CPU = Debug|Any CPU
		Release|Any CPU = Release|Any CPU
	EndGlobalSection
	GlobalSection(ProjectConfigurationPlatforms) = postSolution
		{69AEEDE5-4981-4B5A-8007-298A7545E180}.Debug|Any CPU.ActiveCfg = Debug|Any CPU
		{69AEEDE5-4981-4B5A-8007-298A7545E180}.Debug|Any CPU.Build.0 = Debug|Any CPU
		{69AEEDE5-4981-4B5A-8007-298A7545E180}.Release|Any CPU.ActiveCfg = Release|Any CPU
		{69AEEDE5-4981-4B5A-8007-298A7545E180}.Release|Any CPU.Build.0 = Release|Any CPU
	EndGlobalSection
	GlobalSection(SolutionProperties) = preSolution
		HideSolutionNode = FALSE
	EndGlobalSection
EndGlobal
